PODS:
  - FBRetainCycleDetector (0.1.4)
  - FLEX (2.4.0)
  - FToolKit (1.2.1):
    - FLEX (~> 2.0)
    - RealmBrowserKit
  - MLeaksFinder (1.0.0):
    - FBRetainCycleDetector
  - Realm (3.13.1):
    - Realm/Headers (= 3.13.1)
  - Realm/Headers (3.13.1)
  - RealmBrowserKit (0.0.1):
    - Realm
    - TODocumentPickerViewController
    - TORoundedTableView
    - TOSplitViewController
  - TODocumentPickerViewController (0.2.2):
    - TOSearchBar
  - TORoundedTableView (0.1.3)
  - TOSearchBar (1.0.3)
  - TOSplitViewController (0.0.5)

DEPENDENCIES:
  - FLEX (~> 2.0)
  - FToolKit (from `.`)
  - MLeaksFinder
  - RealmBrowserKit

SPEC REPOS:
  https://github.com/cocoapods/specs.git:
    - FBRetainCycleDetector
    - FLEX
    - MLeaksFinder
    - Realm
    - RealmBrowserKit
    - TODocumentPickerViewController
    - TORoundedTableView
    - TOSearchBar
    - TOSplitViewController

EXTERNAL SOURCES:
  FToolKit:
    :path: "."

SPEC CHECKSUMS:
  FBRetainCycleDetector: 46f8179bbb1c587deee3ea838a1a3ee02acf5015
  FLEX: bd1a39e55b56bb413b6f1b34b3c10a0dc44ef079
  FToolKit: 1318188ee026d8288b79a04e15f0b1871b4740c7
  MLeaksFinder: 8c435bd2f6d070af18cff082b503b21adc130fc0
  Realm: 50071da38fe079e0735e47c9f2eae738c68c5996
  RealmBrowserKit: e1c8a3e9c332740d03e6d16028386a64e96ba063
  TODocumentPickerViewController: 8c0eaf3b72a4f9970f8d82c3069bb71636f6c207
  TORoundedTableView: cd1437ef81ab3888dea8c06d2dfe4795bcaac768
  TOSearchBar: ee22b7ade729521b6ace523cea0ce97d23ab3cd9
  TOSplitViewController: 4a1884c97955d75ab2b64b07f44533ceef871498

PODFILE CHECKSUM: 4c36efe6ff749100f678e5968420c0b0d1edc917

COCOAPODS: 1.5.3
